<?xml version="1.0" encoding="utf-8"?>
<Project ToolsVersion="4.0" xmlns="http://schemas.microsoft.com/developer/msbuild/2003">
  <ItemGroup>
    <Filter Include="Source Files">
      <UniqueIdentifier>{4FC737F1-C7A5-4376-A066-2A32D752A2FF}</UniqueIdentifier>
      <Extensions>cpp;c;cc;cxx;def;odl;idl;hpj;bat;asm;asmx</Extensions>
    </Filter>
    <Filter Include="Header Files">
      <UniqueIdentifier>{93995380-89BD-4b04-88EB-625FBE52EBFB}</UniqueIdentifier>
      <Extensions>h;hh;hpp;hxx;hm;inl;inc;ipp;xsd</Extensions>
    </Filter>
    <Filter Include="Resource Files">
      <UniqueIdentifier>{67DA6AB6-F800-4c08-8B7A-83BB121AAD01}</UniqueIdentifier>
      <Extensions>rc;ico;cur;bmp;dlg;rc2;rct;bin;rgs;gif;jpg;jpeg;jpe;resx;tiff;tif;png;wav;mfcribbon-ms</Extensions>
    </Filter>
    <Filter Include="Header Files\Game objects">
      <UniqueIdentifier>{4cb70489-b583-4b77-87a0-0c4d6826e66a}</UniqueIdentifier>
    </Filter>
    <Filter Include="Source Files\Game objects">
      <UniqueIdentifier>{bc986756-6a68-4059-b1a0-d0c9c3336004}</UniqueIdentifier>
    </Filter>
    <Filter Include="Header Files\Behaviours/States">
      <UniqueIdentifier>{ba9ad218-a1dd-4b7d-a627-4292023635ec}</UniqueIdentifier>
    </Filter>
    <Filter Include="Source Files\Behaviours/States">
      <UniqueIdentifier>{0b5055c6-9e7e-44fb-b5d5-c57bfa301235}</UniqueIdentifier>
    </Filter>
  </ItemGroup>
  <ItemGroup>
    <ClCompile Include="Main.cpp">
      <Filter>Source Files</Filter>
    </ClCompile>
    <ClCompile Include="GameApp.cpp">
      <Filter>Source Files</Filter>
    </ClCompile>
    <ClCompile Include="GameManager.cpp">
      <Filter>Source Files</Filter>
    </ClCompile>
    <ClCompile Include="Graph2D.cpp">
      <Filter>Source Files</Filter>
    </ClCompile>
    <ClCompile Include="Agent.cpp">
      <Filter>Source Files\Game objects</Filter>
    </ClCompile>
    <ClCompile Include="GameObject.cpp">
      <Filter>Source Files\Game objects</Filter>
    </ClCompile>
    <ClCompile Include="Leader.cpp">
      <Filter>Source Files\Game objects</Filter>
    </ClCompile>
    <ClCompile Include="Spawner.cpp">
      <Filter>Source Files\Game objects</Filter>
    </ClCompile>
    <ClCompile Include="Swarmer.cpp">
      <Filter>Source Files\Game objects</Filter>
    </ClCompile>
    <ClCompile Include="StateMachine.cpp">
      <Filter>Source Files\Behaviours/States</Filter>
    </ClCompile>
    <ClCompile Include="WanderStateBehav.cpp">
      <Filter>Source Files\Behaviours/States</Filter>
    </ClCompile>
    <ClCompile Include="FlockingStateBehav.cpp">
      <Filter>Source Files\Behaviours/States</Filter>
    </ClCompile>
    <ClCompile Include="FormationStateBehav.cpp">
      <Filter>Source Files\Behaviours/States</Filter>
    </ClCompile>
    <ClCompile Include="KeyboardBehaviour.cpp">
      <Filter>Source Files\Behaviours/States</Filter>
    </ClCompile>
    <ClCompile Include="Wall.cpp">
      <Filter>Source Files\Game objects</Filter>
    </ClCompile>
    <ClCompile Include="FindPlayerState.cpp">
      <Filter>Source Files\Behaviours/States</Filter>
    </ClCompile>
    <ClCompile Include="AttackState.cpp">
      <Filter>Source Files\Behaviours/States</Filter>
    </ClCompile>
    <ClCompile Include="RecruitmentState.cpp">
      <Filter>Source Files\Behaviours/States</Filter>
    </ClCompile>
    <ClCompile Include="FindSpawnerState.cpp">
      <Filter>Source Files\Behaviours/States</Filter>
    </ClCompile>
  </ItemGroup>
  <ItemGroup>
    <ClInclude Include="GameApp.h">
      <Filter>Header Files</Filter>
    </ClInclude>
    <ClInclude Include="GameManager.h">
      <Filter>Header Files</Filter>
    </ClInclude>
    <ClInclude Include="Graph2D.h">
      <Filter>Header Files</Filter>
    </ClInclude>
    <ClInclude Include="GraphClass.h">
      <Filter>Header Files</Filter>
    </ClInclude>
    <ClInclude Include="Agent.h">
      <Filter>Header Files\Game objects</Filter>
    </ClInclude>
    <ClInclude Include="GameObject.h">
      <Filter>Header Files\Game objects</Filter>
    </ClInclude>
    <ClInclude Include="Leader.h">
      <Filter>Header Files\Game objects</Filter>
    </ClInclude>
    <ClInclude Include="Spawner.h">
      <Filter>Header Files\Game objects</Filter>
    </ClInclude>
    <ClInclude Include="Swarmer.h">
      <Filter>Header Files\Game objects</Filter>
    </ClInclude>
    <ClInclude Include="Behaviour.h">
      <Filter>Header Files\Behaviours/States</Filter>
    </ClInclude>
    <ClInclude Include="State.h">
      <Filter>Header Files\Behaviours/States</Filter>
    </ClInclude>
    <ClInclude Include="Transition.h">
      <Filter>Header Files\Behaviours/States</Filter>
    </ClInclude>
    <ClInclude Include="StateMachine.h">
      <Filter>Header Files\Behaviours/States</Filter>
    </ClInclude>
    <ClInclude Include="WanderStateBehav.h">
      <Filter>Header Files\Behaviours/States</Filter>
    </ClInclude>
    <ClInclude Include="FlockingStateBehav.h">
      <Filter>Header Files\Behaviours/States</Filter>
    </ClInclude>
    <ClInclude Include="KeyboardBehaviour.h">
      <Filter>Header Files\Behaviours/States</Filter>
    </ClInclude>
    <ClInclude Include="Wall.h">
      <Filter>Header Files\Game objects</Filter>
    </ClInclude>
    <ClInclude Include="FindPlayerState.h">
      <Filter>Header Files\Behaviours/States</Filter>
    </ClInclude>
    <ClInclude Include="FormationStateBehav.h">
      <Filter>Header Files\Behaviours/States</Filter>
    </ClInclude>
    <ClInclude Include="AttackState.h">
      <Filter>Header Files\Behaviours/States</Filter>
    </ClInclude>
    <ClInclude Include="RecruitmentState.h">
      <Filter>Header Files\Behaviours/States</Filter>
    </ClInclude>
    <ClInclude Include="FindSpawnerState.h">
      <Filter>Header Files\Behaviours/States</Filter>
    </ClInclude>
  </ItemGroup>
</Project>